# This file is automatically @generated by Poetry 2.0.1 and should not be changed by hand.

[[package]]
name = "faker"
version = "36.1.1"
description = "Faker is a Python package that generates fake data for you."
optional = false
python-versions = ">=3.9"
groups = ["main"]
files = [
    {file = "Faker-36.1.1-py3-none-any.whl", hash = "sha256:ad1f1be7fd692ec0256517404a9d7f007ab36ac5d4674082fa72404049725eaa"},
    {file = "faker-36.1.1.tar.gz", hash = "sha256:7cb2bbd4c8f040e4a340ae4019e9a48b6cf1db6a71bda4e5a61d8d13b7bef28d"},
]

[package.dependencies]
tzdata = "*"

[[package]]
name = "kafka-python"
version = "2.0.4"
description = "Pure Python client for Apache Kafka"
optional = false
python-versions = "*"
groups = ["main"]
files = [
    {file = "kafka_python-2.0.4-py2.py3-none-any.whl", hash = "sha256:614ee11e7d659b3cfe162a67a103c60231a336c41911ad89d8c67f74bf43db25"},
    {file = "kafka_python-2.0.4.tar.gz", hash = "sha256:cd556fdc73ed1e2e72247de234d209f452267d7b2e7289f6e51c50a44f1f48dc"},
]

[package.extras]
crc32c = ["crc32c"]
lz4 = ["lz4"]
snappy = ["python-snappy"]
testing = ["mock", "pytest", "pytest-mock"]
zstd = ["zstandard"]

[[package]]
name = "tzdata"
version = "2025.1"
description = "Provider of IANA time zone data"
optional = false
python-versions = ">=2"
groups = ["main"]
files = [
    {file = "tzdata-2025.1-py2.py3-none-any.whl", hash = "sha256:7e127113816800496f027041c570f50bcd464a020098a3b6b199517772303639"},
    {file = "tzdata-2025.1.tar.gz", hash = "sha256:24894909e88cdb28bd1636c6887801df64cb485bd593f2fd83ef29075a81d694"},
]

[metadata]
lock-version = "2.1"
python-versions = ">=3.10"
content-hash = "693f2f558d5c7f83197896194774aa14372809c327648a75f433e6d887916b88"
